
Microsoft Visual Studio Solution File, Format Version 12.00
# Visual Studio Version 17
VisualStudioVersion = 17.6.33815.320
MinimumVisualStudioVersion = 10.0.40219.1
Project("{FAE04EC0-301F-11D3-BF4B-00C04F79EFBC}") = "Compact RAM Cleaner", "Compact RAM Cleaner\Compact RAM Cleaner.csproj", "{99DB9455-6C3E-4A4A-80D3-787A764751E1}"
EndProject
Global
	GlobalSection(SolutionConfigurationPlatforms) = preSolution
		Debug|Any CPU = Debug|Any CPU
		Release|Any CPU = Release|Any CPU
	EndGlobalSection
	GlobalSection(ProjectConfigurationPlatforms) = postSolution
		{99DB9455-6C3E-4A4A-80D3-787A764751E1}.Debug|Any CPU.ActiveCfg = Debug|Any CPU
		{99DB9455-6C3E-4A4A-80D3-787A764751E1}.Debug|Any CPU.Build.0 = Debug|Any CPU
		{99DB9455-6C3E-4A4A-80D3-787A764751E1}.Release|Any CPU.ActiveCfg = Release|Any CPU
		{99DB9455-6C3E-4A4A-80D3-787A764751E1}.Release|Any CPU.Build.0 = Release|Any CPU
	EndGlobalSection
	GlobalSection(SolutionProperties) = preSolution
		HideSolutionNode = FALSE
	EndGlobalSection
	GlobalSection(ExtensibilityGlobals) = postSolution
		SolutionGuid = {FEABB3D2-8716-4E27-91D2-BFFB03CA9234}
	EndGlobalSection
EndGlobal
